Microsoft Visual Studio Solution File, Format Version 12.00
# Visual Studio Version 17
VisualStudioVersion = 17.5.2.0
MinimumVisualStudioVersion = 10.0.40219.1
Project("{FAE04EC0-301F-11D3-BF4B-00C04F79EFBC}") = "introduction-to-json-warrenh123", "introduction-to-json-warrenh123.csproj", "{BDCC5463-BF66-A2DF-C026-D30702A7B809}"
EndProject
Global
	GlobalSection(SolutionConfigurationPlatforms) = preSolution
		Debug|Any CPU = Debug|Any CPU
		Release|Any CPU = Release|Any CPU
	EndGlobalSection
	GlobalSection(ProjectConfigurationPlatforms) = postSolution
		{BDCC5463-BF66-A2DF-C026-D30702A7B809}.Debug|Any CPU.ActiveCfg = Debug|Any CPU
		{BDCC5463-BF66-A2DF-C026-D30702A7B809}.Debug|Any CPU.Build.0 = Debug|Any CPU
		{BDCC5463-BF66-A2DF-C026-D30702A7B809}.Release|Any CPU.ActiveCfg = Release|Any CPU
		{BDCC5463-BF66-A2DF-C026-D30702A7B809}.Release|Any CPU.Build.0 = Release|Any CPU
	EndGlobalSection
	GlobalSection(SolutionProperties) = preSolution
		HideSolutionNode = FALSE
	EndGlobalSection
	GlobalSection(ExtensibilityGlobals) = postSolution
		SolutionGuid = {E1A331BF-50CC-4B4F-8129-EA6D5BC8F187}
	EndGlobalSection
EndGlobal
